
Microsoft Visual Studio Solution File, Format Version 12.00
# Visual Studio Version 16
VisualStudioVersion = 16.0.808.3
MinimumVisualStudioVersion = 10.0.40219.1
Project("{FAE04EC0-301F-11D3-BF4B-00C04F79EFBC}") = "JsonLoaderCS", "JsonLoaderCS\JsonLoaderCS.csproj", "{3E384042-547F-49F5-8997-66D35C2FC296}"
EndProject
Project("{FAE04EC0-301F-11D3-BF4B-00C04F79EFBC}") = "JsonLoaderCSTest", "JsonLoaderCSTest\JsonLoaderCSTest.csproj", "{D65D9683-FBD7-45AB-A5E0-94003A5A3467}"
EndProject
Global
	GlobalSection(SolutionConfigurationPlatforms) = preSolution
		Debug|Any CPU = Debug|Any CPU
		Release|Any CPU = Release|Any CPU
	EndGlobalSection
	GlobalSection(ProjectConfigurationPlatforms) = postSolution
		{3E384042-547F-49F5-8997-66D35C2FC296}.Debug|Any CPU.ActiveCfg = Debug|Any CPU
		{3E384042-547F-49F5-8997-66D35C2FC296}.Debug|Any CPU.Build.0 = Debug|Any CPU
		{3E384042-547F-49F5-8997-66D35C2FC296}.Release|Any CPU.ActiveCfg = Release|Any CPU
		{3E384042-547F-49F5-8997-66D35C2FC296}.Release|Any CPU.Build.0 = Release|Any CPU
		{D65D9683-FBD7-45AB-A5E0-94003A5A3467}.Debug|Any CPU.ActiveCfg = Debug|Any CPU
		{D65D9683-FBD7-45AB-A5E0-94003A5A3467}.Debug|Any CPU.Build.0 = Debug|Any CPU
		{D65D9683-FBD7-45AB-A5E0-94003A5A3467}.Release|Any CPU.ActiveCfg = Release|Any CPU
		{D65D9683-FBD7-45AB-A5E0-94003A5A3467}.Release|Any CPU.Build.0 = Release|Any CPU
	EndGlobalSection
	GlobalSection(SolutionProperties) = preSolution
		HideSolutionNode = FALSE
	EndGlobalSection
	GlobalSection(ExtensibilityGlobals) = postSolution
		SolutionGuid = {2E3EE7CE-AAF2-4894-827E-769B53A67CED}
	EndGlobalSection
EndGlobal
